
Microsoft Visual Studio Solution File, Format Version 12.00
# Visual Studio Version 17
VisualStudioVersion = 17.0.31903.59
MinimumVisualStudioVersion = 10.0.40219.1
Project("{FAE04EC0-301F-11D3-BF4B-00C04F79EFBC}") = "APIstore", "APIstore\APIstore.csproj", "{D837D517-7C56-455E-BF16-53BCE2D5874B}"
EndProject
Project("{FAE04EC0-301F-11D3-BF4B-00C04F79EFBC}") = "Core", "Core\Core.csproj", "{A47CDA8C-746C-458B-979A-1764E4249CC6}"
EndProject
Project("{FAE04EC0-301F-11D3-BF4B-00C04F79EFBC}") = "Infrastructure", "Infrastructure\Infrastructure.csproj", "{D0127163-67FB-46B0-B3B8-2A495AAE6D33}"
EndProject
Global
	GlobalSection(SolutionConfigurationPlatforms) = preSolution
		Debug|Any CPU = Debug|Any CPU
		Release|Any CPU = Release|Any CPU
	EndGlobalSection
	GlobalSection(SolutionProperties) = preSolution
		HideSolutionNode = FALSE
	EndGlobalSection
	GlobalSection(ProjectConfigurationPlatforms) = postSolution
		{D837D517-7C56-455E-BF16-53BCE2D5874B}.Debug|Any CPU.ActiveCfg = Debug|Any CPU
		{D837D517-7C56-455E-BF16-53BCE2D5874B}.Debug|Any CPU.Build.0 = Debug|Any CPU
		{D837D517-7C56-455E-BF16-53BCE2D5874B}.Release|Any CPU.ActiveCfg = Release|Any CPU
		{D837D517-7C56-455E-BF16-53BCE2D5874B}.Release|Any CPU.Build.0 = Release|Any CPU
		{A47CDA8C-746C-458B-979A-1764E4249CC6}.Debug|Any CPU.ActiveCfg = Debug|Any CPU
		{A47CDA8C-746C-458B-979A-1764E4249CC6}.Debug|Any CPU.Build.0 = Debug|Any CPU
		{A47CDA8C-746C-458B-979A-1764E4249CC6}.Release|Any CPU.ActiveCfg = Release|Any CPU
		{A47CDA8C-746C-458B-979A-1764E4249CC6}.Release|Any CPU.Build.0 = Release|Any CPU
		{D0127163-67FB-46B0-B3B8-2A495AAE6D33}.Debug|Any CPU.ActiveCfg = Debug|Any CPU
		{D0127163-67FB-46B0-B3B8-2A495AAE6D33}.Debug|Any CPU.Build.0 = Debug|Any CPU
		{D0127163-67FB-46B0-B3B8-2A495AAE6D33}.Release|Any CPU.ActiveCfg = Release|Any CPU
		{D0127163-67FB-46B0-B3B8-2A495AAE6D33}.Release|Any CPU.Build.0 = Release|Any CPU
	EndGlobalSection
EndGlobal
